// !$*UTF8*$!
{
	archiveVersion = 1;
	classes = {
	};
	objectVersion = 55;
	objects = {

/* Begin PBXBuildFile section */
		7561F2A80A2498EBD3FF509B /* Pods_Stream_it_iOS.framework in Frameworks */ = {isa = PBXBuildFile; fileRef = EF912B02B163A9A36B66E00D /* Pods_Stream_it_iOS.framework */; };
		97CF7C052CA424AFB4B6A0AE /* Pods_Stream_it.framework in Frameworks */ = {isa = PBXBuildFile; fileRef = 76798E096E482544E9C5E0A3 /* Pods_Stream_it.framework */; };
		CA17F885AD1E85F7FC931EEE /* Pods_Stream_it_tvOS.framework in Frameworks */ = {isa = PBXBuildFile; fileRef = E5EB213344207A9C5BBEE057 /* Pods_Stream_it_tvOS.framework */; };
		D567AEAD27024D53002DC15F /* SettingsView.swift in Sources */ = {isa = PBXBuildFile; fileRef = D567AEAC27024D53002DC15F /* SettingsView.swift */; };
		D567AEAF27025E31002DC15F /* Settings.bundle in Resources */ = {isa = PBXBuildFile; fileRef = D567AEAE27025E31002DC15F /* Settings.bundle */; };
		D5A3D9AC2700D2AD0025C087 /* SettingsView.swift in Sources */ = {isa = PBXBuildFile; fileRef = D5A3D9AB2700D2AD0025C087 /* SettingsView.swift */; };
		D5A3D9EE27024AEB0025C087 /* Stream_it_tvOSApp.swift in Sources */ = {isa = PBXBuildFile; fileRef = D5A3D9ED27024AEB0025C087 /* Stream_it_tvOSApp.swift */; };
		D5A3D9F027024AEB0025C087 /* ContentView.swift in Sources */ = {isa = PBXBuildFile; fileRef = D5A3D9EF27024AEB0025C087 /* ContentView.swift */; };
		D5A3D9F227024AF00025C087 /* Assets.xcassets in Resources */ = {isa = PBXBuildFile; fileRef = D5A3D9F127024AF00025C087 /* Assets.xcassets */; };
		D5A3D9F527024AF00025C087 /* Preview Assets.xcassets in Resources */ = {isa = PBXBuildFile; fileRef = D5A3D9F427024AF00025C087 /* Preview Assets.xcassets */; };
		D5A3D9FB27024BD90025C087 /* Video.swift in Sources */ = {isa = PBXBuildFile; fileRef = D5A3D9FA27024BD90025C087 /* Video.swift */; };
		D5A3D9FD27024BFD0025C087 /* Audio.swift in Sources */ = {isa = PBXBuildFile; fileRef = D5A3D9FC27024BFD0025C087 /* Audio.swift */; };
		D5F669D52700C29000A679BC /* Stream_itApp.swift in Sources */ = {isa = PBXBuildFile; fileRef = D5F669D42700C29000A679BC /* Stream_itApp.swift */; };
		D5F669D72700C29000A679BC /* ContentView.swift in Sources */ = {isa = PBXBuildFile; fileRef = D5F669D62700C29000A679BC /* ContentView.swift */; };
		D5F669D92700C29400A679BC /* Assets.xcassets in Resources */ = {isa = PBXBuildFile; fileRef = D5F669D82700C29400A679BC /* Assets.xcassets */; };
		D5F669DC2700C29400A679BC /* Preview Assets.xcassets in Resources */ = {isa = PBXBuildFile; fileRef = D5F669DB2700C29400A679BC /* Preview Assets.xcassets */; };
		D5F669E42700C31700A679BC /* Video.swift in Sources */ = {isa = PBXBuildFile; fileRef = D5F669E32700C31700A679BC /* Video.swift */; };
		D5F669E62700C31D00A679BC /* Audio.swift in Sources */ = {isa = PBXBuildFile; fileRef = D5F669E52700C31D00A679BC /* Audio.swift */; };
		D5F669EA2700C33400A679BC /* SettingsView.swift in Sources */ = {isa = PBXBuildFile; fileRef = D5F669E92700C33400A679BC /* SettingsView.swift */; };
		D5F669F32700C49000A679BC /* Stream_it_iOSApp.swift in Sources */ = {isa = PBXBuildFile; fileRef = D5F669F22700C49000A679BC /* Stream_it_iOSApp.swift */; };
		D5F669F52700C49000A679BC /* ContentView.swift in Sources */ = {isa = PBXBuildFile; fileRef = D5F669F42700C49000A679BC /* ContentView.swift */; };
		D5F669F72700C49600A679BC /* Assets.xcassets in Resources */ = {isa = PBXBuildFile; fileRef = D5F669F62700C49600A679BC /* Assets.xcassets */; };
		D5F669FA2700C49600A679BC /* Preview Assets.xcassets in Resources */ = {isa = PBXBuildFile; fileRef = D5F669F92700C49600A679BC /* Preview Assets.xcassets */; };
		D5F66A002700C52900A679BC /* Video.swift in Sources */ = {isa = PBXBuildFile; fileRef = D5F669FF2700C52900A679BC /* Video.swift */; };
		D5F66A022700C54800A679BC /* Audio.swift in Sources */ = {isa = PBXBuildFile; fileRef = D5F66A012700C54800A679BC /* Audio.swift */; };
		D5F66A042700C55100A679BC /* YouTube.swift in Sources */ = {isa = PBXBuildFile; fileRef = D5F66A032700C55100A679BC /* YouTube.swift */; };
/* End PBXBuildFile section */

/* Begin PBXFileReference section */
		2C8AAAAAB97C82023C44C403 /* Pods-Stream.it iOS.release.xcconfig */ = {isa = PBXFileReference; includeInIndex = 1; lastKnownFileType = text.xcconfig; name = "Pods-Stream.it iOS.release.xcconfig"; path = "Target Support Files/Pods-Stream.it iOS/Pods-Stream.it iOS.release.xcconfig"; sourceTree = "<group>"; };
		6037FB34A23BA0DE3A5C4034 /* Pods-Stream.it.debug.xcconfig */ = {isa = PBXFileReference; includeInIndex = 1; lastKnownFileType = text.xcconfig; name = "Pods-Stream.it.debug.xcconfig"; path = "Target Support Files/Pods-Stream.it/Pods-Stream.it.debug.xcconfig"; sourceTree = "<group>"; };
		76798E096E482544E9C5E0A3 /* Pods_Stream_it.framework */ = {isa = PBXFileReference; explicitFileType = wrapper.framework; includeInIndex = 0; path = Pods_Stream_it.framework; sourceTree = BUILT_PRODUCTS_DIR; };
		9E5E0EEA0B3D59A4A6A37D40 /* Pods-Stream.it iOS.debug.xcconfig */ = {isa = PBXFileReference; includeInIndex = 1; lastKnownFileType = text.xcconfig; name = "Pods-Stream.it iOS.debug.xcconfig"; path = "Target Support Files/Pods-Stream.it iOS/Pods-Stream.it iOS.debug.xcconfig"; sourceTree = "<group>"; };
		D567AEAC27024D53002DC15F /* SettingsView.swift */ = {isa = PBXFileReference; lastKnownFileType = sourcecode.swift; path = SettingsView.swift; sourceTree = "<group>"; };
		D567AEAE27025E31002DC15F /* Settings.bundle */ = {isa = PBXFileReference; lastKnownFileType = "wrapper.plug-in"; path = Settings.bundle; sourceTree = "<group>"; };
		D5A3D9AB2700D2AD0025C087 /* SettingsView.swift */ = {isa = PBXFileReference; lastKnownFileType = sourcecode.swift; path = SettingsView.swift; sourceTree = "<group>"; };
		D5A3D9EB27024AEB0025C087 /* Stream.it tvOS.app */ = {isa = PBXFileReference; explicitFileType = wrapper.application; includeInIndex = 0; path = "Stream.it tvOS.app"; sourceTree = BUILT_PRODUCTS_DIR; };
		D5A3D9ED27024AEB0025C087 /* Stream_it_tvOSApp.swift */ = {isa = PBXFileReference; lastKnownFileType = sourcecode.swift; path = Stream_it_tvOSApp.swift; sourceTree = "<group>"; };
		D5A3D9EF27024AEB0025C087 /* ContentView.swift */ = {isa = PBXFileReference; lastKnownFileType = sourcecode.swift; path = ContentView.swift; sourceTree = "<group>"; };
		D5A3D9F127024AF00025C087 /* Assets.xcassets */ = {isa = PBXFileReference; lastKnownFileType = folder.assetcatalog; path = Assets.xcassets; sourceTree = "<group>"; };
		D5A3D9F427024AF00025C087 /* Preview Assets.xcassets */ = {isa = PBXFileReference; lastKnownFileType = folder.assetcatalog; path = "Preview Assets.xcassets"; sourceTree = "<group>"; };
		D5A3D9F927024B350025C087 /* Stream-it-tvOS-Info.plist */ = {isa = PBXFileReference; lastKnownFileType = text.plist; path = "Stream-it-tvOS-Info.plist"; sourceTree = SOURCE_ROOT; };
		D5A3D9FA27024BD90025C087 /* Video.swift */ = {isa = PBXFileReference; lastKnownFileType = sourcecode.swift; path = Video.swift; sourceTree = "<group>"; };
		D5A3D9FC27024BFD0025C087 /* Audio.swift */ = {isa = PBXFileReference; lastKnownFileType = sourcecode.swift; path = Audio.swift; sourceTree = "<group>"; };
		D5F669D12700C29000A679BC /* Stream.it.app */ = {isa = PBXFileReference; explicitFileType = wrapper.application; includeInIndex = 0; path = Stream.it.app; sourceTree = BUILT_PRODUCTS_DIR; };
		D5F669D42700C29000A679BC /* Stream_itApp.swift */ = {isa = PBXFileReference; lastKnownFileType = sourcecode.swift; path = Stream_itApp.swift; sourceTree = "<group>"; };
		D5F669D62700C29000A679BC /* ContentView.swift */ = {isa = PBXFileReference; lastKnownFileType = sourcecode.swift; path = ContentView.swift; sourceTree = "<group>"; };
		D5F669D82700C29400A679BC /* Assets.xcassets */ = {isa = PBXFileReference; lastKnownFileType = folder.assetcatalog; path = Assets.xcassets; sourceTree = "<group>"; };
		D5F669DB2700C29400A679BC /* Preview Assets.xcassets */ = {isa = PBXFileReference; lastKnownFileType = folder.assetcatalog; path = "Preview Assets.xcassets"; sourceTree = "<group>"; };
		D5F669DD2700C29400A679BC /* Stream_it.entitlements */ = {isa = PBXFileReference; lastKnownFileType = text.plist.entitlements; path = Stream_it.entitlements; sourceTree = "<group>"; };
		D5F669E32700C31700A679BC /* Video.swift */ = {isa = PBXFileReference; lastKnownFileType = sourcecode.swift; path = Video.swift; sourceTree = "<group>"; };
		D5F669E52700C31D00A679BC /* Audio.swift */ = {isa = PBXFileReference; lastKnownFileType = sourcecode.swift; path = Audio.swift; sourceTree = "<group>"; };
		D5F669E92700C33400A679BC /* SettingsView.swift */ = {isa = PBXFileReference; lastKnownFileType = sourcecode.swift; path = SettingsView.swift; sourceTree = "<group>"; };
		D5F669EB2700C45E00A679BC /* Stream-it-Info.plist */ = {isa = PBXFileReference; lastKnownFileType = text.plist; path = "Stream-it-Info.plist"; sourceTree = SOURCE_ROOT; };
		D5F669F02700C49000A679BC /* Stream.it.app */ = {isa = PBXFileReference; explicitFileType = wrapper.application; includeInIndex = 0; path = Stream.it.app; sourceTree = BUILT_PRODUCTS_DIR; };
		D5F669F22700C49000A679BC /* Stream_it_iOSApp.swift */ = {isa = PBXFileReference; lastKnownFileType = sourcecode.swift; path = Stream_it_iOSApp.swift; sourceTree = "<group>"; };
		D5F669F42700C49000A679BC /* ContentView.swift */ = {isa = PBXFileReference; lastKnownFileType = sourcecode.swift; path = ContentView.swift; sourceTree = "<group>"; };
		D5F669F62700C49600A679BC /* Assets.xcassets */ = {isa = PBXFileReference; lastKnownFileType = folder.assetcatalog; path = Assets.xcassets; sourceTree = "<group>"; };
		D5F669F92700C49600A679BC /* Preview Assets.xcassets */ = {isa = PBXFileReference; lastKnownFileType = folder.assetcatalog; path = "Preview Assets.xcassets"; sourceTree = "<group>"; };
		D5F669FE2700C4BD00A679BC /* Stream-it-iOS-Info.plist */ = {isa = PBXFileReference; lastKnownFileType = text.plist; path = "Stream-it-iOS-Info.plist"; sourceTree = SOURCE_ROOT; };
		D5F669FF2700C52900A679BC /* Video.swift */ = {isa = PBXFileReference; lastKnownFileType = sourcecode.swift; path = Video.swift; sourceTree = "<group>"; };
		D5F66A012700C54800A679BC /* Audio.swift */ = {isa = PBXFileReference; lastKnownFileType = sourcecode.swift; path = Audio.swift; sourceTree = "<group>"; };
		D5F66A032700C55100A679BC /* YouTube.swift */ = {isa = PBXFileReference; lastKnownFileType = sourcecode.swift; path = YouTube.swift; sourceTree = "<group>"; };
		D7D58C465C1A52B29456D04A /* Pods-Stream.it tvOS.debug.xcconfig */ = {isa = PBXFileReference; includeInIndex = 1; lastKnownFileType = text.xcconfig; name = "Pods-Stream.it tvOS.debug.xcconfig"; path = "Target Support Files/Pods-Stream.it tvOS/Pods-Stream.it tvOS.debug.xcconfig"; sourceTree = "<group>"; };
		E4321EE6C2B3F7E0BC5C060E /* Pods-Stream.it.release.xcconfig */ = {isa = PBXFileReference; includeInIndex = 1; lastKnownFileType = text.xcconfig; name = "Pods-Stream.it.release.xcconfig"; path = "Target Support Files/Pods-Stream.it/Pods-Stream.it.release.xcconfig"; sourceTree = "<group>"; };
		E5EB213344207A9C5BBEE057 /* Pods_Stream_it_tvOS.framework */ = {isa = PBXFileReference; explicitFileType = wrapper.framework; includeInIndex = 0; path = Pods_Stream_it_tvOS.framework; sourceTree = BUILT_PRODUCTS_DIR; };
		EF912B02B163A9A36B66E00D /* Pods_Stream_it_iOS.framework */ = {isa = PBXFileReference; explicitFileType = wrapper.framework; includeInIndex = 0; path = Pods_Stream_it_iOS.framework; sourceTree = BUILT_PRODUCTS_DIR; };
		F927C0B0A5D41D24646FADAE /* Pods-Stream.it tvOS.release.xcconfig */ = {isa = PBXFileReference; includeInIndex = 1; lastKnownFileType = text.xcconfig; name = "Pods-Stream.it tvOS.release.xcconfig"; path = "Target Support Files/Pods-Stream.it tvOS/Pods-Stream.it tvOS.release.xcconfig"; sourceTree = "<group>"; };
/* End PBXFileReference section */

/* Begin PBXFrameworksBuildPhase section */
		D5A3D9E827024AEB0025C087 /* Frameworks */ = {
			isa = PBXFrameworksBuildPhase;
			buildActionMask = 2147483647;
			files = (
				CA17F885AD1E85F7FC931EEE /* Pods_Stream_it_tvOS.framework in Frameworks */,
			);
			runOnlyForDeploymentPostprocessing = 0;
		};
		D5F669CE2700C29000A679BC /* Frameworks */ = {
			isa = PBXFrameworksBuildPhase;
			buildActionMask = 2147483647;
			files = (
				97CF7C052CA424AFB4B6A0AE /* Pods_Stream_it.framework in Frameworks */,
			);
			runOnlyForDeploymentPostprocessing = 0;
		};
		D5F669ED2700C49000A679BC /* Frameworks */ = {
			isa = PBXFrameworksBuildPhase;
			buildActionMask = 2147483647;
			files = (
				7561F2A80A2498EBD3FF509B /* Pods_Stream_it_iOS.framework in Frameworks */,
			);
			runOnlyForDeploymentPostprocessing = 0;
		};
/* End PBXFrameworksBuildPhase section */

/* Begin PBXGroup section */
		1FDC8B56DE04ECCA5BDA8525 /* Frameworks */ = {
			isa = PBXGroup;
			children = (
				76798E096E482544E9C5E0A3 /* Pods_Stream_it.framework */,
				EF912B02B163A9A36B66E00D /* Pods_Stream_it_iOS.framework */,
				E5EB213344207A9C5BBEE057 /* Pods_Stream_it_tvOS.framework */,
			);
			name = Frameworks;
			sourceTree = "<group>";
		};
		42D8FDDA61C5ED3BA83075BE /* Pods */ = {
			isa = PBXGroup;
			children = (
				6037FB34A23BA0DE3A5C4034 /* Pods-Stream.it.debug.xcconfig */,
				E4321EE6C2B3F7E0BC5C060E /* Pods-Stream.it.release.xcconfig */,
				9E5E0EEA0B3D59A4A6A37D40 /* Pods-Stream.it iOS.debug.xcconfig */,
				2C8AAAAAB97C82023C44C403 /* Pods-Stream.it iOS.release.xcconfig */,
				D7D58C465C1A52B29456D04A /* Pods-Stream.it tvOS.debug.xcconfig */,
				F927C0B0A5D41D24646FADAE /* Pods-Stream.it tvOS.release.xcconfig */,
			);
			path = Pods;
			sourceTree = "<group>";
		};
		D5A3D9EC27024AEB0025C087 /* Stream.it tvOS */ = {
			isa = PBXGroup;
			children = (
				D5A3D9F927024B350025C087 /* Stream-it-tvOS-Info.plist */,
				D5A3D9ED27024AEB0025C087 /* Stream_it_tvOSApp.swift */,
				D5A3D9EF27024AEB0025C087 /* ContentView.swift */,
				D5A3D9F127024AF00025C087 /* Assets.xcassets */,
				D5A3D9F327024AF00025C087 /* Preview Content */,
				D5A3D9FA27024BD90025C087 /* Video.swift */,
				D5A3D9FC27024BFD0025C087 /* Audio.swift */,
				D567AEAC27024D53002DC15F /* SettingsView.swift */,
			);
			path = "Stream.it tvOS";
			sourceTree = "<group>";
		};
		D5A3D9F327024AF00025C087 /* Preview Content */ = {
			isa = PBXGroup;
			children = (
				D5A3D9F427024AF00025C087 /* Preview Assets.xcassets */,
			);
			path = "Preview Content";
			sourceTree = "<group>";
		};
		D5F669C82700C29000A679BC = {
			isa = PBXGroup;
			children = (
				D5F669D32700C29000A679BC /* Stream.it */,
				D5F669F12700C49000A679BC /* Stream.it iOS */,
				D5A3D9EC27024AEB0025C087 /* Stream.it tvOS */,
				D5F669D22700C29000A679BC /* Products */,
				42D8FDDA61C5ED3BA83075BE /* Pods */,
				1FDC8B56DE04ECCA5BDA8525 /* Frameworks */,
			);
			sourceTree = "<group>";
		};
		D5F669D22700C29000A679BC /* Products */ = {
			isa = PBXGroup;
			children = (
				D5F669D12700C29000A679BC /* Stream.it.app */,
				D5F669F02700C49000A679BC /* Stream.it.app */,
				D5A3D9EB27024AEB0025C087 /* Stream.it tvOS.app */,
			);
			name = Products;
			sourceTree = "<group>";
		};
		D5F669D32700C29000A679BC /* Stream.it */ = {
			isa = PBXGroup;
			children = (
				D5F669EB2700C45E00A679BC /* Stream-it-Info.plist */,
				D5F669D42700C29000A679BC /* Stream_itApp.swift */,
				D5F669D62700C29000A679BC /* ContentView.swift */,
				D5F669D82700C29400A679BC /* Assets.xcassets */,
				D5F669DD2700C29400A679BC /* Stream_it.entitlements */,
				D5F669DA2700C29400A679BC /* Preview Content */,
				D5F669E32700C31700A679BC /* Video.swift */,
				D5F669E52700C31D00A679BC /* Audio.swift */,
				D5F669E92700C33400A679BC /* SettingsView.swift */,
			);
			path = Stream.it;
			sourceTree = "<group>";
		};
		D5F669DA2700C29400A679BC /* Preview Content */ = {
			isa = PBXGroup;
			children = (
				D5F669DB2700C29400A679BC /* Preview Assets.xcassets */,
			);
			path = "Preview Content";
			sourceTree = "<group>";
		};
		D5F669F12700C49000A679BC /* Stream.it iOS */ = {
			isa = PBXGroup;
			children = (
				D5F669FE2700C4BD00A679BC /* Stream-it-iOS-Info.plist */,
				D5F669F22700C49000A679BC /* Stream_it_iOSApp.swift */,
				D5F669F42700C49000A679BC /* ContentView.swift */,
				D5F669F62700C49600A679BC /* Assets.xcassets */,
				D5F669F82700C49600A679BC /* Preview Content */,
				D5F669FF2700C52900A679BC /* Video.swift */,
				D5F66A012700C54800A679BC /* Audio.swift */,
				D5F66A032700C55100A679BC /* YouTube.swift */,
				D5A3D9AB2700D2AD0025C087 /* SettingsView.swift */,
				D567AEAE27025E31002DC15F /* Settings.bundle */,
			);
			path = "Stream.it iOS";
			sourceTree = "<group>";
		};
		D5F669F82700C49600A679BC /* Preview Content */ = {
			isa = PBXGroup;
			children = (
				D5F669F92700C49600A679BC /* Preview Assets.xcassets */,
			);
			path = "Preview Content";
			sourceTree = "<group>";
		};
/* End PBXGroup section */

/* Begin PBXNativeTarget section */
		D5A3D9EA27024AEB0025C087 /* Stream.it tvOS */ = {
			isa = PBXNativeTarget;
			buildConfigurationList = D5A3D9F627024AF00025C087 /* Build configuration list for PBXNativeTarget "Stream.it tvOS" */;
			buildPhases = (
				77E666E648302A6FBE0AE97A /* [CP] Check Pods Manifest.lock */,
				D5A3D9E727024AEB0025C087 /* Sources */,
				D5A3D9E827024AEB0025C087 /* Frameworks */,
				D5A3D9E927024AEB0025C087 /* Resources */,
			);
			buildRules = (
			);
			dependencies = (
			);
			name = "Stream.it tvOS";
			productName = "Stream.it tvOS";
			productReference = D5A3D9EB27024AEB0025C087 /* Stream.it tvOS.app */;
			productType = "com.apple.product-type.application";
		};
		D5F669D02700C29000A679BC /* Stream.it */ = {
			isa = PBXNativeTarget;
			buildConfigurationList = D5F669E02700C29400A679BC /* Build configuration list for PBXNativeTarget "Stream.it" */;
			buildPhases = (
				81171CA084A2030D7FE4F5FF /* [CP] Check Pods Manifest.lock */,
				D5F669CD2700C29000A679BC /* Sources */,
				D5F669CE2700C29000A679BC /* Frameworks */,
				D5F669CF2700C29000A679BC /* Resources */,
			);
			buildRules = (
			);
			dependencies = (
			);
			name = Stream.it;
			productName = Stream.it;
			productReference = D5F669D12700C29000A679BC /* Stream.it.app */;
			productType = "com.apple.product-type.application";
		};
		D5F669EF2700C49000A679BC /* Stream.it iOS */ = {
			isa = PBXNativeTarget;
			buildConfigurationList = D5F669FB2700C49600A679BC /* Build configuration list for PBXNativeTarget "Stream.it iOS" */;
			buildPhases = (
				821A195138EE62B623D8E8CC /* [CP] Check Pods Manifest.lock */,
				D5F669EC2700C49000A679BC /* Sources */,
				D5F669ED2700C49000A679BC /* Frameworks */,
				D5F669EE2700C49000A679BC /* Resources */,
				24F15848742D08B7351F1EEC /* [CP] Embed Pods Frameworks */,
			);
			buildRules = (
			);
			dependencies = (
			);
			name = "Stream.it iOS";
			productName = "Stream.it iOS";
			productReference = D5F669F02700C49000A679BC /* Stream.it.app */;
			productType = "com.apple.product-type.application";
		};
/* End PBXNativeTarget section */

/* Begin PBXProject section */
		D5F669C92700C29000A679BC /* Project object */ = {
			isa = PBXProject;
			attributes = {
				BuildIndependentTargetsInParallel = 1;
				LastSwiftUpdateCheck = 1300;
				LastUpgradeCheck = 1300;
				TargetAttributes = {
					D5A3D9EA27024AEB0025C087 = {
						CreatedOnToolsVersion = 13.0;
					};
					D5F669D02700C29000A679BC = {
						CreatedOnToolsVersion = 13.0;
					};
					D5F669EF2700C49000A679BC = {
						CreatedOnToolsVersion = 13.0;
					};
				};
			};
			buildConfigurationList = D5F669CC2700C29000A679BC /* Build configuration list for PBXProject "Stream.it" */;
			compatibilityVersion = "Xcode 13.0";
			developmentRegion = en;
			hasScannedForEncodings = 0;
			knownRegions = (
				en,
				Base,
			);
			mainGroup = D5F669C82700C29000A679BC;
			productRefGroup = D5F669D22700C29000A679BC /* Products */;
			projectDirPath = "";
			projectRoot = "";
			targets = (
				D5F669D02700C29000A679BC /* Stream.it */,
				D5F669EF2700C49000A679BC /* Stream.it iOS */,
				D5A3D9EA27024AEB0025C087 /* Stream.it tvOS */,
			);
		};
/* End PBXProject section */

/* Begin PBXResourcesBuildPhase section */
		D5A3D9E927024AEB0025C087 /* Resources */ = {
			isa = PBXResourcesBuildPhase;
			buildActionMask = 2147483647;
			files = (
				D5A3D9F527024AF00025C087 /* Preview Assets.xcassets in Resources */,
				D5A3D9F227024AF00025C087 /* Assets.xcassets in Resources */,
			);
			runOnlyForDeploymentPostprocessing = 0;
		};
		D5F669CF2700C29000A679BC /* Resources */ = {
			isa = PBXResourcesBuildPhase;
			buildActionMask = 2147483647;
			files = (
				D5F669DC2700C29400A679BC /* Preview Assets.xcassets in Resources */,
				D5F669D92700C29400A679BC /* Assets.xcassets in Resources */,
			);
			runOnlyForDeploymentPostprocessing = 0;
		};
		D5F669EE2700C49000A679BC /* Resources */ = {
			isa = PBXResourcesBuildPhase;
			buildActionMask = 2147483647;
			files = (
				D5F669FA2700C49600A679BC /* Preview Assets.xcassets in Resources */,
				D567AEAF27025E31002DC15F /* Settings.bundle in Resources */,
				D5F669F72700C49600A679BC /* Assets.xcassets in Resources */,
			);
			runOnlyForDeploymentPostprocessing = 0;
		};
/* End PBXResourcesBuildPhase section */

/* Begin PBXShellScriptBuildPhase section */
		24F15848742D08B7351F1EEC /* [CP] Embed Pods Frameworks */ = {
			isa = PBXShellScriptBuildPhase;
			buildActionMask = 2147483647;
			files = (
			);
			inputFileListPaths = (
				"${PODS_ROOT}/Target Support Files/Pods-Stream.it iOS/Pods-Stream.it iOS-frameworks-${CONFIGURATION}-input-files.xcfilelist",
			);
			name = "[CP] Embed Pods Frameworks";
			outputFileListPaths = (
				"${PODS_ROOT}/Target Support Files/Pods-Stream.it iOS/Pods-Stream.it iOS-frameworks-${CONFIGURATION}-output-files.xcfilelist",
			);
			runOnlyForDeploymentPostprocessing = 0;
			shellPath = /bin/sh;
			shellScript = "\"${PODS_ROOT}/Target Support Files/Pods-Stream.it iOS/Pods-Stream.it iOS-frameworks.sh\"\n";
			showEnvVarsInLog = 0;
		};
		77E666E648302A6FBE0AE97A /* [CP] Check Pods Manifest.lock */ = {
			isa = PBXShellScriptBuildPhase;
			buildActionMask = 2147483647;
			files = (
			);
			inputFileListPaths = (
			);
			inputPaths = (
				"${PODS_PODFILE_DIR_PATH}/Podfile.lock",
				"${PODS_ROOT}/Manifest.lock",
			);
			name = "[CP] Check Pods Manifest.lock";
			outputFileListPaths = (
			);
			outputPaths = (
				"$(DERIVED_FILE_DIR)/Pods-Stream.it tvOS-checkManifestLockResult.txt",
			);
			runOnlyForDeploymentPostprocessing = 0;
			shellPath = /bin/sh;
			shellScript = "diff \"${PODS_PODFILE_DIR_PATH}/Podfile.lock\" \"${PODS_ROOT}/Manifest.lock\" > /dev/null\nif [ $? != 0 ] ; then\n    # print error to STDERR\n    echo \"error: The sandbox is not in sync with the Podfile.lock. Run 'pod install' or update your CocoaPods installation.\" >&2\n    exit 1\nfi\n# This output is used by Xcode 'outputs' to avoid re-running this script phase.\necho \"SUCCESS\" > \"${SCRIPT_OUTPUT_FILE_0}\"\n";
			showEnvVarsInLog = 0;
		};
		81171CA084A2030D7FE4F5FF /* [CP] Check Pods Manifest.lock */ = {
			isa = PBXShellScriptBuildPhase;
			buildActionMask = 2147483647;
			files = (
			);
			inputFileListPaths = (
			);
			inputPaths = (
				"${PODS_PODFILE_DIR_PATH}/Podfile.lock",
				"${PODS_ROOT}/Manifest.lock",
			);
			name = "[CP] Check Pods Manifest.lock";
			outputFileListPaths = (
			);
			outputPaths = (
				"$(DERIVED_FILE_DIR)/Pods-Stream.it-checkManifestLockResult.txt",
			);
			runOnlyForDeploymentPostprocessing = 0;
			shellPath = /bin/sh;
			shellScript = "diff \"${PODS_PODFILE_DIR_PATH}/Podfile.lock\" \"${PODS_ROOT}/Manifest.lock\" > /dev/null\nif [ $? != 0 ] ; then\n    # print error to STDERR\n    echo \"error: The sandbox is not in sync with the Podfile.lock. Run 'pod install' or update your CocoaPods installation.\" >&2\n    exit 1\nfi\n# This output is used by Xcode 'outputs' to avoid re-running this script phase.\necho \"SUCCESS\" > \"${SCRIPT_OUTPUT_FILE_0}\"\n";
			showEnvVarsInLog = 0;
		};
		821A195138EE62B623D8E8CC /* [CP] Check Pods Manifest.lock */ = {
			isa = PBXShellScriptBuildPhase;
			buildActionMask = 2147483647;
			files = (
			);
			inputFileListPaths = (
			);
			inputPaths = (
				"${PODS_PODFILE_DIR_PATH}/Podfile.lock",
				"${PODS_ROOT}/Manifest.lock",
			);
			name = "[CP] Check Pods Manifest.lock";
			outputFileListPaths = (
			);
			outputPaths = (
				"$(DERIVED_FILE_DIR)/Pods-Stream.it iOS-checkManifestLockResult.txt",
			);
			runOnlyForDeploymentPostprocessing = 0;
			shellPath = /bin/sh;
			shellScript = "diff \"${PODS_PODFILE_DIR_PATH}/Podfile.lock\" \"${PODS_ROOT}/Manifest.lock\" > /dev/null\nif [ $? != 0 ] ; then\n    # print error to STDERR\n    echo \"error: The sandbox is not in sync with the Podfile.lock. Run 'pod install' or update your CocoaPods installation.\" >&2\n    exit 1\nfi\n# This output is used by Xcode 'outputs' to avoid re-running this script phase.\necho \"SUCCESS\" > \"${SCRIPT_OUTPUT_FILE_0}\"\n";
			showEnvVarsInLog = 0;
		};
/* End PBXShellScriptBuildPhase section */

/* Begin PBXSourcesBuildPhase section */
		D5A3D9E727024AEB0025C087 /* Sources */ = {
			isa = PBXSourcesBuildPhase;
			buildActionMask = 2147483647;
			files = (
				D567AEAD27024D53002DC15F /* SettingsView.swift in Sources */,
				D5A3D9FD27024BFD0025C087 /* Audio.swift in Sources */,
				D5A3D9F027024AEB0025C087 /* ContentView.swift in Sources */,
				D5A3D9FB27024BD90025C087 /* Video.swift in Sources */,
				D5A3D9EE27024AEB0025C087 /* Stream_it_tvOSApp.swift in Sources */,
			);
			runOnlyForDeploymentPostprocessing = 0;
		};
		D5F669CD2700C29000A679BC /* Sources */ = {
			isa = PBXSourcesBuildPhase;
			buildActionMask = 2147483647;
			files = (
				D5F669E62700C31D00A679BC /* Audio.swift in Sources */,
				D5F669D72700C29000A679BC /* ContentView.swift in Sources */,
				D5F669EA2700C33400A679BC /* SettingsView.swift in Sources */,
				D5F669E42700C31700A679BC /* Video.swift in Sources */,
				D5F669D52700C29000A679BC /* Stream_itApp.swift in Sources */,
			);
			runOnlyForDeploymentPostprocessing = 0;
		};
		D5F669EC2700C49000A679BC /* Sources */ = {
			isa = PBXSourcesBuildPhase;
			buildActionMask = 2147483647;
			files = (
				D5A3D9AC2700D2AD0025C087 /* SettingsView.swift in Sources */,
				D5F66A022700C54800A679BC /* Audio.swift in Sources */,
				D5F66A042700C55100A679BC /* YouTube.swift in Sources */,
				D5F669F52700C49000A679BC /* ContentView.swift in Sources */,
				D5F66A002700C52900A679BC /* Video.swift in Sources */,
				D5F669F32700C49000A679BC /* Stream_it_iOSApp.swift in Sources */,
			);
			runOnlyForDeploymentPostprocessing = 0;
		};
/* End PBXSourcesBuildPhase section */

/* Begin XCBuildConfiguration section */
		D5A3D9F727024AF00025C087 /* Debug */ = {
			isa = XCBuildConfiguration;
			baseConfigurationReference = D7D58C465C1A52B29456D04A /* Pods-Stream.it tvOS.debug.xcconfig */;
			buildSettings = {
				ASSETCATALOG_COMPILER_APPICON_NAME = "App Icon & Top Shelf Image";
				ASSETCATALOG_COMPILER_GLOBAL_ACCENT_COLOR_NAME = AccentColor;
				CODE_SIGN_IDENTITY = "Apple Development";
				CODE_SIGN_STYLE = Automatic;
				CURRENT_PROJECT_VERSION = 3;
				DEVELOPMENT_ASSET_PATHS = "\"Stream.it tvOS/Preview Content\"";
				DEVELOPMENT_TEAM = ZWASU9HFBU;
				ENABLE_PREVIEWS = YES;
				GENERATE_INFOPLIST_FILE = YES;
				INFOPLIST_FILE = "Stream-it-tvOS-Info.plist";
				INFOPLIST_KEY_CFBundleDisplayName = Stream.it;
				INFOPLIST_KEY_UILaunchScreen_Generation = YES;
				INFOPLIST_KEY_UIUserInterfaceStyle = Automatic;
				LD_RUNPATH_SEARCH_PATHS = (
					"$(inherited)",
					"@executable_path/Frameworks",
				);
				MARKETING_VERSION = 1.1;
				PRODUCT_BUNDLE_IDENTIFIER = "com.MSJ.Stream-it-tvOS";
				PRODUCT_NAME = "$(TARGET_NAME)";
				PROVISIONING_PROFILE_SPECIFIER = "";
				SDKROOT = appletvos;
				SWIFT_EMIT_LOC_STRINGS = YES;
				SWIFT_VERSION = 5.0;
				TARGETED_DEVICE_FAMILY = 3;
				TVOS_DEPLOYMENT_TARGET = 15.0;
			};
			name = Debug;
		};
		D5A3D9F827024AF00025C087 /* Release */ = {
			isa = XCBuildConfiguration;
			baseConfigurationReference = F927C0B0A5D41D24646FADAE /* Pods-Stream.it tvOS.release.xcconfig */;
			buildSettings = {
				ASSETCATALOG_COMPILER_APPICON_NAME = "App Icon & Top Shelf Image";
				ASSETCATALOG_COMPILER_GLOBAL_ACCENT_COLOR_NAME = AccentColor;
				CODE_SIGN_IDENTITY = "Apple Development";
				CODE_SIGN_STYLE = Automatic;
				CURRENT_PROJECT_VERSION = 3;
				DEVELOPMENT_ASSET_PATHS = "\"Stream.it tvOS/Preview Content\"";
				DEVELOPMENT_TEAM = ZWASU9HFBU;
				ENABLE_PREVIEWS = YES;
				GENERATE_INFOPLIST_FILE = YES;
				INFOPLIST_FILE = "Stream-it-tvOS-Info.plist";
				INFOPLIST_KEY_CFBundleDisplayName = Stream.it;
				INFOPLIST_KEY_UILaunchScreen_Generation = YES;
				INFOPLIST_KEY_UIUserInterfaceStyle = Automatic;
				LD_RUNPATH_SEARCH_PATHS = (
					"$(inherited)",
					"@executable_path/Frameworks",
				);
				MARKETING_VERSION = 1.1;
				PRODUCT_BUNDLE_IDENTIFIER = "com.MSJ.Stream-it-tvOS";
				PRODUCT_NAME = "$(TARGET_NAME)";
				PROVISIONING_PROFILE_SPECIFIER = "";
				SDKROOT = appletvos;
				SWIFT_EMIT_LOC_STRINGS = YES;
				SWIFT_VERSION = 5.0;
				TARGETED_DEVICE_FAMILY = 3;
				TVOS_DEPLOYMENT_TARGET = 15.0;
				VALIDATE_PRODUCT = YES;
			};
			name = Release;
		};
		D5F669DE2700C29400A679BC /* Debug */ = {
			isa = XCBuildConfiguration;
			buildSettings = {
				ALWAYS_SEARCH_USER_PATHS = NO;
				CLANG_ANALYZER_NONNULL = YES;
				CLANG_ANALYZER_NUMBER_OBJECT_CONVERSION = YES_AGGRESSIVE;
				CLANG_CXX_LANGUAGE_STANDARD = "gnu++17";
				CLANG_CXX_LIBRARY = "libc++";
				CLANG_ENABLE_MODULES = YES;
				CLANG_ENABLE_OBJC_ARC = YES;
				CLANG_ENABLE_OBJC_WEAK = YES;
				CLANG_WARN_BLOCK_CAPTURE_AUTORELEASING = YES;
				CLANG_WARN_BOOL_CONVERSION = YES;
				CLANG_WARN_COMMA = YES;
				CLANG_WARN_CONSTANT_CONVERSION = YES;
				CLANG_WARN_DEPRECATED_OBJC_IMPLEMENTATIONS = YES;
				CLANG_WARN_DIRECT_OBJC_ISA_USAGE = YES_ERROR;
				CLANG_WARN_DOCUMENTATION_COMMENTS = YES;
				CLANG_WARN_EMPTY_BODY = YES;
				CLANG_WARN_ENUM_CONVERSION = YES;
				CLANG_WARN_INFINITE_RECURSION = YES;
				CLANG_WARN_INT_CONVERSION = YES;
				CLANG_WARN_NON_LITERAL_NULL_CONVERSION = YES;
				CLANG_WARN_OBJC_IMPLICIT_RETAIN_SELF = YES;
				CLANG_WARN_OBJC_LITERAL_CONVERSION = YES;
				CLANG_WARN_OBJC_ROOT_CLASS = YES_ERROR;
				CLANG_WARN_QUOTED_INCLUDE_IN_FRAMEWORK_HEADER = YES;
				CLANG_WARN_RANGE_LOOP_ANALYSIS = YES;
				CLANG_WARN_STRICT_PROTOTYPES = YES;
				CLANG_WARN_SUSPICIOUS_MOVE = YES;
				CLANG_WARN_UNGUARDED_AVAILABILITY = YES_AGGRESSIVE;
				CLANG_WARN_UNREACHABLE_CODE = YES;
				CLANG_WARN__DUPLICATE_METHOD_MATCH = YES;
				COPY_PHASE_STRIP = NO;
				DEBUG_INFORMATION_FORMAT = dwarf;
				ENABLE_STRICT_OBJC_MSGSEND = YES;
				ENABLE_TESTABILITY = YES;
				GCC_C_LANGUAGE_STANDARD = gnu11;
				GCC_DYNAMIC_NO_PIC = NO;
				GCC_NO_COMMON_BLOCKS = YES;
				GCC_OPTIMIZATION_LEVEL = 0;
				GCC_PREPROCESSOR_DEFINITIONS = (
					"DEBUG=1",
					"$(inherited)",
				);
				GCC_WARN_64_TO_32_BIT_CONVERSION = YES;
				GCC_WARN_ABOUT_RETURN_TYPE = YES_ERROR;
				GCC_WARN_UNDECLARED_SELECTOR = YES;
				GCC_WARN_UNINITIALIZED_AUTOS = YES_AGGRESSIVE;
				GCC_WARN_UNUSED_FUNCTION = YES;
				GCC_WARN_UNUSED_VARIABLE = YES;
				MACOSX_DEPLOYMENT_TARGET = 11.3;
				MTL_ENABLE_DEBUG_INFO = INCLUDE_SOURCE;
				MTL_FAST_MATH = YES;
				ONLY_ACTIVE_ARCH = YES;
				SDKROOT = macosx;
				SWIFT_ACTIVE_COMPILATION_CONDITIONS = DEBUG;
				SWIFT_OPTIMIZATION_LEVEL = "-Onone";
			};
			name = Debug;
		};
		D5F669DF2700C29400A679BC /* Release */ = {
			isa = XCBuildConfiguration;
			buildSettings = {
				ALWAYS_SEARCH_USER_PATHS = NO;
				CLANG_ANALYZER_NONNULL = YES;
				CLANG_ANALYZER_NUMBER_OBJECT_CONVERSION = YES_AGGRESSIVE;
				CLANG_CXX_LANGUAGE_STANDARD = "gnu++17";
				CLANG_CXX_LIBRARY = "libc++";
				CLANG_ENABLE_MODULES = YES;
				CLANG_ENABLE_OBJC_ARC = YES;
				CLANG_ENABLE_OBJC_WEAK = YES;
				CLANG_WARN_BLOCK_CAPTURE_AUTORELEASING = YES;
				CLANG_WARN_BOOL_CONVERSION = YES;
				CLANG_WARN_COMMA = YES;
				CLANG_WARN_CONSTANT_CONVERSION = YES;
				CLANG_WARN_DEPRECATED_OBJC_IMPLEMENTATIONS = YES;
				CLANG_WARN_DIRECT_OBJC_ISA_USAGE = YES_ERROR;
				CLANG_WARN_DOCUMENTATION_COMMENTS = YES;
				CLANG_WARN_EMPTY_BODY = YES;
				CLANG_WARN_ENUM_CONVERSION = YES;
				CLANG_WARN_INFINITE_RECURSION = YES;
				CLANG_WARN_INT_CONVERSION = YES;
				CLANG_WARN_NON_LITERAL_NULL_CONVERSION = YES;
				CLANG_WARN_OBJC_IMPLICIT_RETAIN_SELF = YES;
				CLANG_WARN_OBJC_LITERAL_CONVERSION = YES;
				CLANG_WARN_OBJC_ROOT_CLASS = YES_ERROR;
				CLANG_WARN_QUOTED_INCLUDE_IN_FRAMEWORK_HEADER = YES;
				CLANG_WARN_RANGE_LOOP_ANALYSIS = YES;
				CLANG_WARN_STRICT_PROTOTYPES = YES;
				CLANG_WARN_SUSPICIOUS_MOVE = YES;
				CLANG_WARN_UNGUARDED_AVAILABILITY = YES_AGGRESSIVE;
				CLANG_WARN_UNREACHABLE_CODE = YES;
				CLANG_WARN__DUPLICATE_METHOD_MATCH = YES;
				COPY_PHASE_STRIP = NO;
				DEBUG_INFORMATION_FORMAT = "dwarf-with-dsym";
				ENABLE_NS_ASSERTIONS = NO;
				ENABLE_STRICT_OBJC_MSGSEND = YES;
				GCC_C_LANGUAGE_STANDARD = gnu11;
				GCC_NO_COMMON_BLOCKS = YES;
				GCC_WARN_64_TO_32_BIT_CONVERSION = YES;
				GCC_WARN_ABOUT_RETURN_TYPE = YES_ERROR;
				GCC_WARN_UNDECLARED_SELECTOR = YES;
				GCC_WARN_UNINITIALIZED_AUTOS = YES_AGGRESSIVE;
				GCC_WARN_UNUSED_FUNCTION = YES;
				GCC_WARN_UNUSED_VARIABLE = YES;
				MACOSX_DEPLOYMENT_TARGET = 11.3;
				MTL_ENABLE_DEBUG_INFO = NO;
				MTL_FAST_MATH = YES;
				SDKROOT = macosx;
				SWIFT_COMPILATION_MODE = wholemodule;
				SWIFT_OPTIMIZATION_LEVEL = "-O";
			};
			name = Release;
		};
		D5F669E12700C29400A679BC /* Debug */ = {
			isa = XCBuildConfiguration;
			baseConfigurationReference = 6037FB34A23BA0DE3A5C4034 /* Pods-Stream.it.debug.xcconfig */;
			buildSettings = {
				ASSETCATALOG_COMPILER_APPICON_NAME = AppIcon;
				ASSETCATALOG_COMPILER_GLOBAL_ACCENT_COLOR_NAME = AccentColor;
				CODE_SIGN_ENTITLEMENTS = Stream.it/Stream_it.entitlements;
				CODE_SIGN_IDENTITY = "Apple Development";
				CODE_SIGN_STYLE = Automatic;
				COMBINE_HIDPI_IMAGES = YES;
				CURRENT_PROJECT_VERSION = 3;
				DEVELOPMENT_ASSET_PATHS = "\"Stream.it/Preview Content\"";
				DEVELOPMENT_TEAM = ZWASU9HFBU;
				ENABLE_HARDENED_RUNTIME = YES;
				ENABLE_PREVIEWS = YES;
				GENERATE_INFOPLIST_FILE = YES;
				INFOPLIST_FILE = "Stream-it-Info.plist";
				INFOPLIST_KEY_LSApplicationCategoryType = "public.app-category.video";
				INFOPLIST_KEY_NSHumanReadableCopyright = "";
				LD_RUNPATH_SEARCH_PATHS = (
					"$(inherited)",
					"@executable_path/../Frameworks",
				);
				MACOSX_DEPLOYMENT_TARGET = 11.0;
				MARKETING_VERSION = 1.1;
				PRODUCT_BUNDLE_IDENTIFIER = "com.MSJ.Stream-it";
				PRODUCT_NAME = "$(TARGET_NAME)";
				SWIFT_EMIT_LOC_STRINGS = YES;
				SWIFT_VERSION = 5.0;
			};
			name = Debug;
		};
		D5F669E22700C29400A679BC /* Release */ = {
			isa = XCBuildConfiguration;
			baseConfigurationReference = E4321EE6C2B3F7E0BC5C060E /* Pods-Stream.it.release.xcconfig */;
			buildSettings = {
				ASSETCATALOG_COMPILER_APPICON_NAME = AppIcon;
				ASSETCATALOG_COMPILER_GLOBAL_ACCENT_COLOR_NAME = AccentColor;
				CODE_SIGN_ENTITLEMENTS = Stream.it/Stream_it.entitlements;
				CODE_SIGN_IDENTITY = "Apple Development";
				CODE_SIGN_STYLE = Automatic;
				COMBINE_HIDPI_IMAGES = YES;
				CURRENT_PROJECT_VERSION = 3;
				DEVELOPMENT_ASSET_PATHS = "\"Stream.it/Preview Content\"";
				DEVELOPMENT_TEAM = ZWASU9HFBU;
				ENABLE_HARDENED_RUNTIME = YES;
				ENABLE_PREVIEWS = YES;
				GENERATE_INFOPLIST_FILE = YES;
				INFOPLIST_FILE = "Stream-it-Info.plist";
				INFOPLIST_KEY_LSApplicationCategoryType = "public.app-category.video";
				INFOPLIST_KEY_NSHumanReadableCopyright = "";
				LD_RUNPATH_SEARCH_PATHS = (
					"$(inherited)",
					"@executable_path/../Frameworks",
				);
				MACOSX_DEPLOYMENT_TARGET = 11.0;
				MARKETING_VERSION = 1.1;
				PRODUCT_BUNDLE_IDENTIFIER = "com.MSJ.Stream-it";
				PRODUCT_NAME = "$(TARGET_NAME)";
				SWIFT_EMIT_LOC_STRINGS = YES;
				SWIFT_VERSION = 5.0;
			};
			name = Release;
		};
		D5F669FC2700C49600A679BC /* Debug */ = {
			isa = XCBuildConfiguration;
			baseConfigurationReference = 9E5E0EEA0B3D59A4A6A37D40 /* Pods-Stream.it iOS.debug.xcconfig */;
			buildSettings = {
				ASSETCATALOG_COMPILER_APPICON_NAME = AppIcon;
				ASSETCATALOG_COMPILER_GLOBAL_ACCENT_COLOR_NAME = AccentColor;
				CODE_SIGN_STYLE = Automatic;
				CURRENT_PROJECT_VERSION = 3;
				DEVELOPMENT_ASSET_PATHS = "\"Stream.it iOS/Preview Content\"";
				DEVELOPMENT_TEAM = ZWASU9HFBU;
				ENABLE_PREVIEWS = YES;
				GENERATE_INFOPLIST_FILE = YES;
				INFOPLIST_FILE = "Stream-it-iOS-Info.plist";
				INFOPLIST_KEY_CFBundleDisplayName = Stream.it;
				INFOPLIST_KEY_LSSupportsOpeningDocumentsInPlace = YES;
				INFOPLIST_KEY_UIApplicationSceneManifest_Generation = YES;
				INFOPLIST_KEY_UIApplicationSupportsIndirectInputEvents = YES;
				INFOPLIST_KEY_UILaunchScreen_Generation = YES;
				INFOPLIST_KEY_UISupportedInterfaceOrientations = "UIInterfaceOrientationPortrait UIInterfaceOrientationPortraitUpsideDown UIInterfaceOrientationLandscapeRight UIInterfaceOrientationLandscapeLeft";
				INFOPLIST_KEY_UISupportedInterfaceOrientations_iPad = "UIInterfaceOrientationPortrait UIInterfaceOrientationPortraitUpsideDown UIInterfaceOrientationLandscapeLeft UIInterfaceOrientationLandscapeRight";
				INFOPLIST_KEY_UISupportedInterfaceOrientations_iPhone = "UIInterfaceOrientationPortrait UIInterfaceOrientationLandscapeLeft UIInterfaceOrientationLandscapeRight";
				IPHONEOS_DEPLOYMENT_TARGET = 14.3;
				LD_RUNPATH_SEARCH_PATHS = (
					"$(inherited)",
					"@executable_path/Frameworks",
				);
				MARKETING_VERSION = 1.1;
				PRODUCT_BUNDLE_IDENTIFIER = "com.MSJ.Stream-it-iOS";
				PRODUCT_NAME = Stream.it;
				SDKROOT = iphoneos;
				SWIFT_EMIT_LOC_STRINGS = YES;
				SWIFT_VERSION = 5.0;
				TARGETED_DEVICE_FAMILY = "1,2";
			};
			name = Debug;
		};
		D5F669FD2700C49600A679BC /* Release */ = {
			isa = XCBuildConfiguration;
			baseConfigurationReference = 2C8AAAAAB97C82023C44C403 /* Pods-Stream.it iOS.release.xcconfig */;
			buildSettings = {
				ASSETCATALOG_COMPILER_APPICON_NAME = AppIcon;
				ASSETCATALOG_COMPILER_GLOBAL_ACCENT_COLOR_NAME = AccentColor;
				CODE_SIGN_STYLE = Automatic;
				CURRENT_PROJECT_VERSION = 3;
				DEVELOPMENT_ASSET_PATHS = "\"Stream.it iOS/Preview Content\"";
				DEVELOPMENT_TEAM = ZWASU9HFBU;
				ENABLE_PREVIEWS = YES;
				GENERATE_INFOPLIST_FILE = YES;
				INFOPLIST_FILE = "Stream-it-iOS-Info.plist";
				INFOPLIST_KEY_CFBundleDisplayName = Stream.it;
				INFOPLIST_KEY_LSSupportsOpeningDocumentsInPlace = YES;
				INFOPLIST_KEY_UIApplicationSceneManifest_Generation = YES;
				INFOPLIST_KEY_UIApplicationSupportsIndirectInputEvents = YES;
				INFOPLIST_KEY_UILaunchScreen_Generation = YES;
				INFOPLIST_KEY_UISupportedInterfaceOrientations = "UIInterfaceOrientationPortrait UIInterfaceOrientationPortraitUpsideDown UIInterfaceOrientationLandscapeRight UIInterfaceOrientationLandscapeLeft";
				INFOPLIST_KEY_UISupportedInterfaceOrientations_iPad = "UIInterfaceOrientationPortrait UIInterfaceOrientationPortraitUpsideDown UIInterfaceOrientationLandscapeLeft UIInterfaceOrientationLandscapeRight";
				INFOPLIST_KEY_UISupportedInterfaceOrientations_iPhone = "UIInterfaceOrientationPortrait UIInterfaceOrientationLandscapeLeft UIInterfaceOrientationLandscapeRight";
				IPHONEOS_DEPLOYMENT_TARGET = 14.3;
				LD_RUNPATH_SEARCH_PATHS = (
					"$(inherited)",
					"@executable_path/Frameworks",
				);
				MARKETING_VERSION = 1.1;
				PRODUCT_BUNDLE_IDENTIFIER = "com.MSJ.Stream-it-iOS";
				PRODUCT_NAME = Stream.it;
				SDKROOT = iphoneos;
				SWIFT_EMIT_LOC_STRINGS = YES;
				SWIFT_VERSION = 5.0;
				TARGETED_DEVICE_FAMILY = "1,2";
				VALIDATE_PRODUCT = YES;
			};
			name = Release;
		};
/* End XCBuildConfiguration section */

/* Begin XCConfigurationList section */
		D5A3D9F627024AF00025C087 /* Build configuration list for PBXNativeTarget "Stream.it tvOS" */ = {
			isa = XCConfigurationList;
			buildConfigurations = (
				D5A3D9F727024AF00025C087 /* Debug */,
				D5A3D9F827024AF00025C087 /* Release */,
			);
			defaultConfigurationIsVisible = 0;
			defaultConfigurationName = Release;
		};
		D5F669CC2700C29000A679BC /* Build configuration list for PBXProject "Stream.it" */ = {
			isa = XCConfigurationList;
			buildConfigurations = (
				D5F669DE2700C29400A679BC /* Debug */,
				D5F669DF2700C29400A679BC /* Release */,
			);
			defaultConfigurationIsVisible = 0;
			defaultConfigurationName = Release;
		};
		D5F669E02700C29400A679BC /* Build configuration list for PBXNativeTarget "Stream.it" */ = {
			isa = XCConfigurationList;
			buildConfigurations = (
				D5F669E12700C29400A679BC /* Debug */,
				D5F669E22700C29400A679BC /* Release */,
			);
			defaultConfigurationIsVisible = 0;
			defaultConfigurationName = Release;
		};
		D5F669FB2700C49600A679BC /* Build configuration list for PBXNativeTarget "Stream.it iOS" */ = {
			isa = XCConfigurationList;
			buildConfigurations = (
				D5F669FC2700C49600A679BC /* Debug */,
				D5F669FD2700C49600A679BC /* Release */,
			);
			defaultConfigurationIsVisible = 0;
			defaultConfigurationName = Release;
		};
/* End XCConfigurationList section */
	};
	rootObject = D5F669C92700C29000A679BC /* Project object */;
}
